{
  "version": 4,
  "terraform_version": "1.1.2",
  "serial": 33,
  "lineage": "969602b7-b48d-7810-e503-0cf1c443c87f",
  "outputs": {},
  "resources": [
    {
      "mode": "managed",
      "type": "proxmox_vm_qemu",
      "name": "test_server",
      "provider": "provider[\"registry.terraform.io/telmate/proxmox\"]",
      "instances": [
        {
          "index_key": 0,
          "schema_version": 0,
          "attributes": {
            "additional_wait": 0,
            "agent": 1,
            "args": "",
            "balloon": 0,
            "bios": "seabios",
            "boot": "c",
            "bootdisk": "scsi0",
            "bridge": "",
            "ci_wait": null,
            "cicustom": "",
            "cipassword": "",
            "ciuser": "",
            "clone": "ubuntu-2104-cloudinit-template",
            "clone_wait": 0,
            "cloudinit_cdrom_storage": null,
            "cores": 2,
            "cpu": "host",
            "default_ipv4_address": "192.168.2.51",
            "define_connection_info": true,
            "desc": "",
            "disk": [
              {
                "backup": 0,
                "cache": "none",
                "discard": "",
                "file": "vm-3001-disk-0",
                "format": "",
                "iothread": 1,
                "mbps": 0,
                "mbps_rd": 0,
                "mbps_rd_max": 0,
                "mbps_wr": 0,
                "mbps_wr_max": 0,
                "media": "",
                "replicate": 0,
                "size": "9420M",
                "slot": 0,
                "ssd": 0,
                "storage": "local-lvm",
                "storage_type": "lvmthin",
                "type": "scsi",
                "volume": "local-lvm:vm-3001-disk-0"
              }
            ],
            "disk_gb": 0,
            "force_create": false,
            "force_recreate_on_change_of": null,
            "full_clone": true,
            "guest_agent_ready_timeout": 100,
            "hagroup": "",
            "hastate": "",
            "hotplug": "network,disk,usb",
            "id": "Gandalf/qemu/3001",
            "ipconfig0": "ip=192.168.2.51/24,gw=192.168.2.1",
            "ipconfig1": "",
            "ipconfig2": "",
            "ipconfig3": "",
            "ipconfig4": "",
            "ipconfig5": "",
            "iso": null,
            "kvm": true,
            "mac": "",
            "memory": 2048,
            "name": "test-vm-1",
            "nameserver": "",
            "network": [
              {
                "bridge": "vmbr1",
                "firewall": false,
                "link_down": false,
                "macaddr": "86:4B:A3:2C:A2:33",
                "model": "virtio",
                "queues": 0,
                "rate": 0,
                "tag": -1
              }
            ],
            "nic": "",
            "numa": false,
            "onboot": false,
            "oncreate": true,
            "os_network_config": null,
            "os_type": "cloud-init",
            "pool": "",
            "preprovision": true,
            "qemu_os": "other",
            "reboot_required": false,
            "scsihw": "virtio-scsi-pci",
            "searchdomain": "",
            "serial": [],
            "sockets": 1,
            "ssh_forward_ip": null,
            "ssh_host": "192.168.2.51",
            "ssh_port": "22",
            "ssh_private_key": null,
            "ssh_user": null,
            "sshkeys": "  ssh-rsa AAAAB3NzaC1yc2EAAAADAQABAAABgQCkZ5oSfp6kCSo/X95Y2lzspzOX8w30h/lNBBowGt8IrgLzsNSN1HpiyGJ69ILT01tciK5rIcXkWb9zZxwaFmWr/OUVZMBt8CYnMoYapoXlOW40spF85B97g5G/Ugohfh94StFaoxKoEUoKg60IAlOThmSQpJyBWdWbLXIYo/t908cSH55A05WEjmMROXvtIs3tK7l+2wQJ5QsaiB1T3/gnOTDsNHbHyF4cH0armSo7TP3DhMVLYZVra8ZX7QLstrr0U2pLitECMFUWwdhlnSP0ccdPIXW+JIe6dbSzGf82BdSCuEGdBpYxVmbEunrnpv7TMQt2zVG5CNQ8Hp1LaGRd5dvX/ib5V5VS8DnnlXDrXBexhh8wmu2qqNrPH6DAhE9V9+k0gVk6+0dE5REg3QN6ifeJJZSMHF+4OOJ43oIU8SZ16LJg5ooge8nX7UfS6ixxTUBUjzb2LuiLEfrbOEqYlHFIo4cPjlprsgnu3WHhrVVU1y7odzYtUMsdOfhQt3M= mattruiz@vegeta\n\n\n\n\n",
            "storage": "",
            "storage_type": "",
            "tablet": true,
            "tags": "",
            "target_node": "Gandalf",
            "timeouts": null,
            "unused_disk": [],
            "vcpus": 0,
            "vga": [],
            "vlan": -1,
            "vmid": 3001
          },
          "sensitive_attributes": [],
          "private": "eyJlMmJmYjczMC1lY2FhLTExZTYtOGY4OC0zNDM2M2JjN2M0YzAiOnsiY3JlYXRlIjozMDAwMDAwMDAwMDAsImRlZmF1bHQiOjMwMDAwMDAwMDAwMCwiZGVsZXRlIjoxODAwMDAwMDAwMDAsInJlYWQiOjE4MDAwMDAwMDAwMCwidXBkYXRlIjoxODAwMDAwMDAwMDB9fQ=="
        },
        {
          "index_key": 1,
          "schema_version": 0,
          "attributes": {
            "additional_wait": 0,
            "agent": 1,
            "args": "",
            "balloon": 0,
            "bios": "seabios",
            "boot": "c",
            "bootdisk": "scsi0",
            "bridge": "",
            "ci_wait": null,
            "cicustom": "",
            "cipassword": "",
            "ciuser": "",
            "clone": "ubuntu-2104-cloudinit-template",
            "clone_wait": 0,
            "cloudinit_cdrom_storage": null,
            "cores": 2,
            "cpu": "host",
            "default_ipv4_address": "192.168.2.52",
            "define_connection_info": true,
            "desc": "",
            "disk": [
              {
                "backup": 0,
                "cache": "none",
                "discard": "",
                "file": "vm-3002-disk-0",
                "format": "",
                "iothread": 1,
                "mbps": 0,
                "mbps_rd": 0,
                "mbps_rd_max": 0,
                "mbps_wr": 0,
                "mbps_wr_max": 0,
                "media": "",
                "replicate": 0,
                "size": "9420M",
                "slot": 0,
                "ssd": 0,
                "storage": "local-lvm",
                "storage_type": "lvmthin",
                "type": "scsi",
                "volume": "local-lvm:vm-3002-disk-0"
              }
            ],
            "disk_gb": 0,
            "force_create": false,
            "force_recreate_on_change_of": null,
            "full_clone": true,
            "guest_agent_ready_timeout": 100,
            "hagroup": "",
            "hastate": "",
            "hotplug": "network,disk,usb",
            "id": "Gandalf/qemu/3002",
            "ipconfig0": "ip=192.168.2.52/24,gw=192.168.2.1",
            "ipconfig1": "",
            "ipconfig2": "",
            "ipconfig3": "",
            "ipconfig4": "",
            "ipconfig5": "",
            "iso": null,
            "kvm": true,
            "mac": "",
            "memory": 2048,
            "name": "test-vm-2",
            "nameserver": "",
            "network": [
              {
                "bridge": "vmbr1",
                "firewall": false,
                "link_down": false,
                "macaddr": "2A:95:09:13:77:07",
                "model": "virtio",
                "queues": 0,
                "rate": 0,
                "tag": -1
              }
            ],
            "nic": "",
            "numa": false,
            "onboot": false,
            "oncreate": true,
            "os_network_config": null,
            "os_type": "cloud-init",
            "pool": "",
            "preprovision": true,
            "qemu_os": "other",
            "reboot_required": false,
            "scsihw": "virtio-scsi-pci",
            "searchdomain": "",
            "serial": [],
            "sockets": 1,
            "ssh_forward_ip": null,
            "ssh_host": "192.168.2.52",
            "ssh_port": "22",
            "ssh_private_key": null,
            "ssh_user": null,
            "sshkeys": "  ssh-rsa AAAAB3NzaC1yc2EAAAADAQABAAABgQCkZ5oSfp6kCSo/X95Y2lzspzOX8w30h/lNBBowGt8IrgLzsNSN1HpiyGJ69ILT01tciK5rIcXkWb9zZxwaFmWr/OUVZMBt8CYnMoYapoXlOW40spF85B97g5G/Ugohfh94StFaoxKoEUoKg60IAlOThmSQpJyBWdWbLXIYo/t908cSH55A05WEjmMROXvtIs3tK7l+2wQJ5QsaiB1T3/gnOTDsNHbHyF4cH0armSo7TP3DhMVLYZVra8ZX7QLstrr0U2pLitECMFUWwdhlnSP0ccdPIXW+JIe6dbSzGf82BdSCuEGdBpYxVmbEunrnpv7TMQt2zVG5CNQ8Hp1LaGRd5dvX/ib5V5VS8DnnlXDrXBexhh8wmu2qqNrPH6DAhE9V9+k0gVk6+0dE5REg3QN6ifeJJZSMHF+4OOJ43oIU8SZ16LJg5ooge8nX7UfS6ixxTUBUjzb2LuiLEfrbOEqYlHFIo4cPjlprsgnu3WHhrVVU1y7odzYtUMsdOfhQt3M= mattruiz@vegeta\n\n\n\n\n",
            "storage": "",
            "storage_type": "",
            "tablet": true,
            "tags": "",
            "target_node": "Gandalf",
            "timeouts": null,
            "unused_disk": [],
            "vcpus": 0,
            "vga": [],
            "vlan": -1,
            "vmid": 3002
          },
          "sensitive_attributes": [],
          "private": "eyJlMmJmYjczMC1lY2FhLTExZTYtOGY4OC0zNDM2M2JjN2M0YzAiOnsiY3JlYXRlIjozMDAwMDAwMDAwMDAsImRlZmF1bHQiOjMwMDAwMDAwMDAwMCwiZGVsZXRlIjoxODAwMDAwMDAwMDAsInJlYWQiOjE4MDAwMDAwMDAwMCwidXBkYXRlIjoxODAwMDAwMDAwMDB9fQ=="
        }
      ]
    }
  ]
}
